<?xml version="1.0" encoding="utf-8"?>
<Project ToolsVersion="4.0" xmlns="http://schemas.microsoft.com/developer/msbuild/2003">
  <ItemGroup>
    <Filter Include="Source Files">
      <UniqueIdentifier>{4FC737F1-C7A5-4376-A066-2A32D752A2FF}</UniqueIdentifier>
      <Extensions>cpp;c;cc;cxx;def;odl;idl;hpj;bat;asm;asmx</Extensions>
    </Filter>
    <Filter Include="Header Files">
      <UniqueIdentifier>{93995380-89BD-4b04-88EB-625FBE52EBFB}</UniqueIdentifier>
      <Extensions>h;hh;hpp;hxx;hm;inl;inc;ipp;xsd</Extensions>
    </Filter>
    <Filter Include="textures">
      <UniqueIdentifier>{308f3aa4-e810-4d64-9827-2904f300aceb}</UniqueIdentifier>
    </Filter>
    <Filter Include="shaders">
      <UniqueIdentifier>{fe24a5c7-8541-4d04-a180-a60b2cde0062}</UniqueIdentifier>
    </Filter>
    <Filter Include="Source Files\Entities">
      <UniqueIdentifier>{b1d27583-14fb-4f1a-8f4c-c4a1c1177e29}</UniqueIdentifier>
    </Filter>
    <Filter Include="Header Files\Entities">
      <UniqueIdentifier>{0dfaa42d-9e39-4a3d-96f0-6de66c3b701f}</UniqueIdentifier>
    </Filter>
  </ItemGroup>
  <ItemGroup>
    <ClCompile Include="BasicSceneRenderer.cpp">
      <Filter>Source Files</Filter>
    </ClCompile>
    <ClCompile Include="Camera.cpp">
      <Filter>Source Files</Filter>
    </ClCompile>
    <ClCompile Include="common.cpp">
      <Filter>Source Files</Filter>
    </ClCompile>
    <ClCompile Include="glshell.cpp">
      <Filter>Source Files</Filter>
    </ClCompile>
    <ClCompile Include="Image.cpp">
      <Filter>Source Files</Filter>
    </ClCompile>
    <ClCompile Include="main.cpp">
      <Filter>Source Files</Filter>
    </ClCompile>
    <ClCompile Include="Mesh.cpp">
      <Filter>Source Files</Filter>
    </ClCompile>
    <ClCompile Include="Prefabs.cpp">
      <Filter>Source Files</Filter>
    </ClCompile>
    <ClCompile Include="Shaders.cpp">
      <Filter>Source Files</Filter>
    </ClCompile>
    <ClCompile Include="Texture.cpp">
      <Filter>Source Files</Filter>
    </ClCompile>
    <ClCompile Include="Vertex.cpp">
      <Filter>Source Files</Filter>
    </ClCompile>
    <ClCompile Include="MainMenu.cpp">
      <Filter>Source Files</Filter>
    </ClCompile>
    <ClCompile Include="StateManager.cpp">
      <Filter>Source Files</Filter>
    </ClCompile>
    <ClCompile Include="Player.cpp">
      <Filter>Source Files\Entities</Filter>
    </ClCompile>
    <ClCompile Include="Projectile.cpp">
      <Filter>Source Files</Filter>
    </ClCompile>
  </ItemGroup>
  <ItemGroup>
    <ClInclude Include="BasicSceneRenderer.h">
      <Filter>Header Files</Filter>
    </ClInclude>
    <ClInclude Include="Camera.h">
      <Filter>Header Files</Filter>
    </ClInclude>
    <ClInclude Include="common.h">
      <Filter>Header Files</Filter>
    </ClInclude>
    <ClInclude Include="Entity.h">
      <Filter>Header Files</Filter>
    </ClInclude>
    <ClInclude Include="glshell.h">
      <Filter>Header Files</Filter>
    </ClInclude>
    <ClInclude Include="Image.h">
      <Filter>Header Files</Filter>
    </ClInclude>
    <ClInclude Include="Material.h">
      <Filter>Header Files</Filter>
    </ClInclude>
    <ClInclude Include="Mesh.h">
      <Filter>Header Files</Filter>
    </ClInclude>
    <ClInclude Include="Prefabs.h">
      <Filter>Header Files</Filter>
    </ClInclude>
    <ClInclude Include="Shaders.h">
      <Filter>Header Files</Filter>
    </ClInclude>
    <ClInclude Include="Texture.h">
      <Filter>Header Files</Filter>
    </ClInclude>
    <ClInclude Include="Transform.h">
      <Filter>Header Files</Filter>
    </ClInclude>
    <ClInclude Include="Vertex.h">
      <Filter>Header Files</Filter>
    </ClInclude>
    <ClInclude Include="MainMenu.h">
      <Filter>Header Files</Filter>
    </ClInclude>
    <ClInclude Include="StateManager.h">
      <Filter>Header Files</Filter>
    </ClInclude>
    <ClInclude Include="Player.h">
      <Filter>Header Files\Entities</Filter>
    </ClInclude>
    <ClInclude Include="resource.h">
      <Filter>Header Files</Filter>
    </ClInclude>
    <ClInclude Include="Settings.h">
      <Filter>Header Files</Filter>
    </ClInclude>
    <ClInclude Include="Projectile.h">
      <Filter>Header Files</Filter>
    </ClInclude>
  </ItemGroup>
  <ItemGroup>
    <None Include="freeglut.dll" />
    <None Include="glew32.dll" />
    <None Include="shaders\BlinnPhongPerFragmentDirLight-fs.glsl">
      <Filter>shaders</Filter>
    </None>
    <None Include="shaders\BlinnPhongPerFragmentMultiLight-fs.glsl">
      <Filter>shaders</Filter>
    </None>
    <None Include="shaders\BlinnPhongPerFragmentPointLight-fs.glsl">
      <Filter>shaders</Filter>
    </None>
    <None Include="shaders\BlinnPhongPerFragment-vs.glsl">
      <Filter>shaders</Filter>
    </None>
    <None Include="shaders\PerVertexDirLight-fs.glsl">
      <Filter>shaders</Filter>
    </None>
    <None Include="shaders\PerVertexDirLight-vs.glsl">
      <Filter>shaders</Filter>
    </None>
    <None Include="shaders\vcolor-fs.glsl">
      <Filter>shaders</Filter>
    </None>
    <None Include="shaders\vpc-vs.glsl">
      <Filter>shaders</Filter>
    </None>
  </ItemGroup>
  <ItemGroup>
    <Image Include="textures\art.tga">
      <Filter>textures</Filter>
    </Image>
    <Image Include="textures\art2.tga">
      <Filter>textures</Filter>
    </Image>
    <Image Include="textures\black.tga">
      <Filter>textures</Filter>
    </Image>
    <Image Include="textures\bricks_overpainted_blue_9291383.tga">
      <Filter>textures</Filter>
    </Image>
    <Image Include="textures\CarvedSandstone.tga">
      <Filter>textures</Filter>
    </Image>
    <Image Include="textures\grass.tga">
      <Filter>textures</Filter>
    </Image>
    <Image Include="textures\robot.idle.00001.tga">
      <Filter>textures</Filter>
    </Image>
    <Image Include="textures\rocky.tga">
      <Filter>textures</Filter>
    </Image>
    <Image Include="textures\skin.tga">
      <Filter>textures</Filter>
    </Image>
    <Image Include="textures\water_drops_on_metal_3020602.tga">
      <Filter>textures</Filter>
    </Image>
    <Image Include="textures\white.tga">
      <Filter>textures</Filter>
    </Image>
    <Image Include="textures\yo.tga">
      <Filter>textures</Filter>
    </Image>
    <Image Include="textures\mogus.tga">
      <Filter>textures</Filter>
    </Image>
    <Image Include="textures\debug.tga">
      <Filter>textures</Filter>
    </Image>
  </ItemGroup>
  <ItemGroup>
    <Text Include="Bugs.txt" />
  </ItemGroup>
</Project>