<?xml version="1.0" encoding="utf-8"?>
<Project ToolsVersion="4.0" xmlns="http://schemas.microsoft.com/developer/msbuild/2003">
  <ItemGroup>
    <Filter Include="Source Files">
      <UniqueIdentifier>{4FC737F1-C7A5-4376-A066-2A32D752A2FF}</UniqueIdentifier>
      <Extensions>cpp;c;cc;cxx;def;odl;idl;hpj;bat;asm;asmx</Extensions>
    </Filter>
    <Filter Include="Header Files">
      <UniqueIdentifier>{93995380-89BD-4b04-88EB-625FBE52EBFB}</UniqueIdentifier>
      <Extensions>h;hh;hpp;hxx;hm;inl;inc;ipp;xsd</Extensions>
    </Filter>
    <Filter Include="textures">
      <UniqueIdentifier>{308f3aa4-e810-4d64-9827-2904f300aceb}</UniqueIdentifier>
    </Filter>
    <Filter Include="shaders">
      <UniqueIdentifier>{fe24a5c7-8541-4d04-a180-a60b2cde0062}</UniqueIdentifier>
    </Filter>
    <Filter Include="Source Files\Entities">
      <UniqueIdentifier>{b1d27583-14fb-4f1a-8f4c-c4a1c1177e29}</UniqueIdentifier>
    </Filter>
    <Filter Include="Header Files\Entities">
      <UniqueIdentifier>{0dfaa42d-9e39-4a3d-96f0-6de66c3b701f}</UniqueIdentifier>
    </Filter>
    <Filter Include="Source Files\Menu">
      <UniqueIdentifier>{f46bd212-9da5-4984-a868-8568b137ea5b}</UniqueIdentifier>
    </Filter>
    <Filter Include="textures\Debug">
      <UniqueIdentifier>{0636aa2e-7a23-47e1-a68a-31999158f09b}</UniqueIdentifier>
    </Filter>
    <Filter Include="textures\Menu">
      <UniqueIdentifier>{1b235c6d-9ad4-49c0-b941-bd33d90db114}</UniqueIdentifier>
    </Filter>
    <Filter Include="Header Files\States">
      <UniqueIdentifier>{e4239e01-e51c-4fb3-8a26-1e3463ba2e96}</UniqueIdentifier>
    </Filter>
    <Filter Include="Source Files\States">
      <UniqueIdentifier>{7edfc561-cc4d-4b78-a911-6af569d2a3bf}</UniqueIdentifier>
    </Filter>
    <Filter Include="Header Files\Enums">
      <UniqueIdentifier>{6bc1003a-53fd-4239-9754-48cc847c7961}</UniqueIdentifier>
    </Filter>
    <Filter Include="Header Files\Menu">
      <UniqueIdentifier>{df8e3198-0753-44fd-8257-34f98f4f9802}</UniqueIdentifier>
    </Filter>
    <Filter Include="textures\Cololrs">
      <UniqueIdentifier>{b173402f-abc0-4ce1-ac9d-35a8f323b8ba}</UniqueIdentifier>
    </Filter>
    <Filter Include="textures\HUD">
      <UniqueIdentifier>{472711d6-f7b9-4231-9477-c501f569956f}</UniqueIdentifier>
    </Filter>
    <Filter Include="textures\Player">
      <UniqueIdentifier>{612c48ff-673b-475c-9cf4-64a868a40010}</UniqueIdentifier>
    </Filter>
    <Filter Include="textures\Entities">
      <UniqueIdentifier>{935fe6cb-ae5c-4aaf-9a7e-e4dac19a9e75}</UniqueIdentifier>
    </Filter>
    <Filter Include="textures\Characters">
      <UniqueIdentifier>{d7bea6bf-3a86-457a-9346-a890ae8a99ba}</UniqueIdentifier>
    </Filter>
  </ItemGroup>
  <ItemGroup>
    <ClCompile Include="Camera.cpp">
      <Filter>Source Files</Filter>
    </ClCompile>
    <ClCompile Include="common.cpp">
      <Filter>Source Files</Filter>
    </ClCompile>
    <ClCompile Include="glshell.cpp">
      <Filter>Source Files</Filter>
    </ClCompile>
    <ClCompile Include="Image.cpp">
      <Filter>Source Files</Filter>
    </ClCompile>
    <ClCompile Include="main.cpp">
      <Filter>Source Files</Filter>
    </ClCompile>
    <ClCompile Include="Mesh.cpp">
      <Filter>Source Files</Filter>
    </ClCompile>
    <ClCompile Include="Prefabs.cpp">
      <Filter>Source Files</Filter>
    </ClCompile>
    <ClCompile Include="Shaders.cpp">
      <Filter>Source Files</Filter>
    </ClCompile>
    <ClCompile Include="Texture.cpp">
      <Filter>Source Files</Filter>
    </ClCompile>
    <ClCompile Include="Vertex.cpp">
      <Filter>Source Files</Filter>
    </ClCompile>
    <ClCompile Include="Player.cpp">
      <Filter>Source Files\Entities</Filter>
    </ClCompile>
    <ClCompile Include="Projectile.cpp">
      <Filter>Source Files\Entities</Filter>
    </ClCompile>
    <ClCompile Include="Asteroid.cpp">
      <Filter>Source Files\Entities</Filter>
    </ClCompile>
    <ClCompile Include="MainMenu.cpp">
      <Filter>Source Files\Menu</Filter>
    </ClCompile>
    <ClCompile Include="PauseMenu.cpp">
      <Filter>Source Files\Menu</Filter>
    </ClCompile>
    <ClCompile Include="MenuState.cpp">
      <Filter>Source Files\States</Filter>
    </ClCompile>
    <ClCompile Include="CollisionType.h">
      <Filter>Header Files\Enums</Filter>
    </ClCompile>
    <ClCompile Include="GameState.cpp">
      <Filter>Source Files\States</Filter>
    </ClCompile>
    <ClCompile Include="SceneRenderer.cpp">
      <Filter>Source Files</Filter>
    </ClCompile>
    <ClCompile Include="GameEndMenu.cpp">
      <Filter>Source Files\Menu</Filter>
    </ClCompile>
  </ItemGroup>
  <ItemGroup>
    <ClInclude Include="Camera.h">
      <Filter>Header Files</Filter>
    </ClInclude>
    <ClInclude Include="common.h">
      <Filter>Header Files</Filter>
    </ClInclude>
    <ClInclude Include="Entity.h">
      <Filter>Header Files</Filter>
    </ClInclude>
    <ClInclude Include="glshell.h">
      <Filter>Header Files</Filter>
    </ClInclude>
    <ClInclude Include="Image.h">
      <Filter>Header Files</Filter>
    </ClInclude>
    <ClInclude Include="Material.h">
      <Filter>Header Files</Filter>
    </ClInclude>
    <ClInclude Include="Mesh.h">
      <Filter>Header Files</Filter>
    </ClInclude>
    <ClInclude Include="Prefabs.h">
      <Filter>Header Files</Filter>
    </ClInclude>
    <ClInclude Include="Shaders.h">
      <Filter>Header Files</Filter>
    </ClInclude>
    <ClInclude Include="Texture.h">
      <Filter>Header Files</Filter>
    </ClInclude>
    <ClInclude Include="Transform.h">
      <Filter>Header Files</Filter>
    </ClInclude>
    <ClInclude Include="Vertex.h">
      <Filter>Header Files</Filter>
    </ClInclude>
    <ClInclude Include="Player.h">
      <Filter>Header Files\Entities</Filter>
    </ClInclude>
    <ClInclude Include="resource.h">
      <Filter>Header Files</Filter>
    </ClInclude>
    <ClInclude Include="Settings.h">
      <Filter>Header Files</Filter>
    </ClInclude>
    <ClInclude Include="Projectile.h">
      <Filter>Header Files\Entities</Filter>
    </ClInclude>
    <ClInclude Include="Asteroid.h">
      <Filter>Header Files\Entities</Filter>
    </ClInclude>
    <ClInclude Include="MainMenu.h">
      <Filter>Header Files\Menu</Filter>
    </ClInclude>
    <ClInclude Include="PauseMenu.h">
      <Filter>Header Files\Menu</Filter>
    </ClInclude>
    <ClInclude Include="LightingModel.h">
      <Filter>Header Files\Enums</Filter>
    </ClInclude>
    <ClInclude Include="MenuState.h">
      <Filter>Header Files\States</Filter>
    </ClInclude>
    <ClInclude Include="ProgramState.h">
      <Filter>Header Files\Enums</Filter>
    </ClInclude>
    <ClInclude Include="GameState.h">
      <Filter>Header Files\States</Filter>
    </ClInclude>
    <ClInclude Include="SceneRenderer.h">
      <Filter>Header Files</Filter>
    </ClInclude>
    <ClInclude Include="GameEndMenu.h">
      <Filter>Header Files\Menu</Filter>
    </ClInclude>
  </ItemGroup>
  <ItemGroup>
    <None Include="freeglut.dll" />
    <None Include="glew32.dll" />
    <None Include="shaders\BlinnPhongPerFragmentDirLight-fs.glsl">
      <Filter>shaders</Filter>
    </None>
    <None Include="shaders\BlinnPhongPerFragmentMultiLight-fs.glsl">
      <Filter>shaders</Filter>
    </None>
    <None Include="shaders\BlinnPhongPerFragmentPointLight-fs.glsl">
      <Filter>shaders</Filter>
    </None>
    <None Include="shaders\BlinnPhongPerFragment-vs.glsl">
      <Filter>shaders</Filter>
    </None>
    <None Include="shaders\PerVertexDirLight-fs.glsl">
      <Filter>shaders</Filter>
    </None>
    <None Include="shaders\PerVertexDirLight-vs.glsl">
      <Filter>shaders</Filter>
    </None>
    <None Include="shaders\vcolor-fs.glsl">
      <Filter>shaders</Filter>
    </None>
    <None Include="shaders\vpc-vs.glsl">
      <Filter>shaders</Filter>
    </None>
  </ItemGroup>
  <ItemGroup>
    <Image Include="textures\space.tga">
      <Filter>textures</Filter>
    </Image>
    <Image Include="textures\debug.tga">
      <Filter>textures\Debug</Filter>
    </Image>
    <Image Include="textures\debug2.tga">
      <Filter>textures\Debug</Filter>
    </Image>
    <Image Include="textures\debug3.tga">
      <Filter>textures\Debug</Filter>
    </Image>
    <Image Include="textures\mogus.tga">
      <Filter>textures\Debug</Filter>
    </Image>
    <Image Include="textures\button.tga">
      <Filter>textures\Menu</Filter>
    </Image>
    <Image Include="textures\button_controls.tga">
      <Filter>textures\Menu</Filter>
    </Image>
    <Image Include="textures\button_exit.tga">
      <Filter>textures\Menu</Filter>
    </Image>
    <Image Include="textures\button_menu.tga">
      <Filter>textures\Menu</Filter>
    </Image>
    <Image Include="textures\button_resume.tga">
      <Filter>textures\Menu</Filter>
    </Image>
    <Image Include="textures\banner.tga">
      <Filter>textures\Menu</Filter>
    </Image>
    <Image Include="textures\cursor.tga">
      <Filter>textures\Menu</Filter>
    </Image>
    <Image Include="textures\button_start.tga">
      <Filter>textures\Menu</Filter>
    </Image>
    <Image Include="textures\black.tga">
      <Filter>textures\Cololrs</Filter>
    </Image>
    <Image Include="textures\blue.tga">
      <Filter>textures\Cololrs</Filter>
    </Image>
    <Image Include="textures\white.tga">
      <Filter>textures\Cololrs</Filter>
    </Image>
    <Image Include="textures\crosshair.tga">
      <Filter>textures\HUD</Filter>
    </Image>
    <Image Include="textures\life.tga">
      <Filter>textures\HUD</Filter>
    </Image>
    <Image Include="textures\engine_light.tga">
      <Filter>textures\Player</Filter>
    </Image>
    <Image Include="textures\metal_panel.tga">
      <Filter>textures\Player</Filter>
    </Image>
    <Image Include="textures\metal_panel_corrugated.tga">
      <Filter>textures\Player</Filter>
    </Image>
    <Image Include="textures\metal_panel_dark.tga">
      <Filter>textures\Player</Filter>
    </Image>
    <Image Include="textures\metal_window.tga">
      <Filter>textures\Player</Filter>
    </Image>
    <Image Include="textures\paint_red.tga">
      <Filter>textures\Entities</Filter>
    </Image>
    <Image Include="textures\rocky.tga">
      <Filter>textures\Entities</Filter>
    </Image>
    <Image Include="textures\rusted_gold.tga">
      <Filter>textures\Entities</Filter>
    </Image>
    <Image Include="textures\number_0.tga">
      <Filter>textures\Characters</Filter>
    </Image>
    <Image Include="textures\number_1.tga">
      <Filter>textures\Characters</Filter>
    </Image>
    <Image Include="textures\number_2.tga">
      <Filter>textures\Characters</Filter>
    </Image>
    <Image Include="textures\number_3.tga">
      <Filter>textures\Characters</Filter>
    </Image>
    <Image Include="textures\number_4.tga">
      <Filter>textures\Characters</Filter>
    </Image>
    <Image Include="textures\number_5.tga">
      <Filter>textures\Characters</Filter>
    </Image>
    <Image Include="textures\number_6.tga">
      <Filter>textures\Characters</Filter>
    </Image>
    <Image Include="textures\number_7.tga">
      <Filter>textures\Characters</Filter>
    </Image>
    <Image Include="textures\number_8.tga">
      <Filter>textures\Characters</Filter>
    </Image>
    <Image Include="textures\number_9.tga">
      <Filter>textures\Characters</Filter>
    </Image>
    <Image Include="textures\operation_add.tga">
      <Filter>textures\Characters</Filter>
    </Image>
    <Image Include="textures\operation_divide.tga">
      <Filter>textures\Characters</Filter>
    </Image>
    <Image Include="textures\operation_multiply.tga">
      <Filter>textures\Characters</Filter>
    </Image>
    <Image Include="textures\operation_subtract.tga">
      <Filter>textures\Characters</Filter>
    </Image>
    <Image Include="textures\banner_end.tga">
      <Filter>textures\Menu</Filter>
    </Image>
    <Image Include="textures\button_end_menu.tga">
      <Filter>textures\Menu</Filter>
    </Image>
    <Image Include="textures\button_end_restart.tga">
      <Filter>textures\Menu</Filter>
    </Image>
    <Image Include="textures\number_end_0.tga">
      <Filter>textures\Characters</Filter>
    </Image>
    <Image Include="textures\number_end_1.tga">
      <Filter>textures\Characters</Filter>
    </Image>
    <Image Include="textures\number_end_2.tga">
      <Filter>textures\Characters</Filter>
    </Image>
    <Image Include="textures\number_end_3.tga">
      <Filter>textures\Characters</Filter>
    </Image>
    <Image Include="textures\number_end_4.tga">
      <Filter>textures\Characters</Filter>
    </Image>
    <Image Include="textures\number_end_5.tga">
      <Filter>textures\Characters</Filter>
    </Image>
    <Image Include="textures\number_end_6.tga">
      <Filter>textures\Characters</Filter>
    </Image>
    <Image Include="textures\number_end_7.tga">
      <Filter>textures\Characters</Filter>
    </Image>
    <Image Include="textures\number_end_8.tga">
      <Filter>textures\Characters</Filter>
    </Image>
    <Image Include="textures\number_end_9.tga">
      <Filter>textures\Characters</Filter>
    </Image>
    <Image Include="textures\cursor_end.tga">
      <Filter>textures\Menu</Filter>
    </Image>
    <Image Include="textures\controls.tga">
      <Filter>textures\Menu</Filter>
    </Image>
  </ItemGroup>
  <ItemGroup>
    <Text Include="Bugs.txt" />
  </ItemGroup>
  <ItemGroup>
    <ResourceCompile Include="Voxel Game LVR1.rc" />
  </ItemGroup>
</Project>